PODS:
  - Masonry (1.1.0)
  - SDWebImage (4.4.8):
    - SDWebImage/Core (= 4.4.8)
  - SDWebImage/Core (4.4.8)
  - SKPhotoPicker (1.0.4):
    - Masonry
    - SDWebImage (~> 4.0)

DEPENDENCIES:
  - SKPhotoPicker (from `../`)

SPEC REPOS:
  https://github.com/CocoaPods/Specs.git:
    - Masonry
    - SDWebImage

EXTERNAL SOURCES:
  SKPhotoPicker:
    :path: "../"

SPEC CHECKSUMS:
  Masonry: 678fab65091a9290e40e2832a55e7ab731aad201
  SDWebImage: 783af2c3fa36291a250030c4752ee370a9a51d13
  SKPhotoPicker: b9652086b2ac4a8f31758d930be7cc08c3ab17a3

PODFILE CHECKSUM: 056d1365ebe07eeeaed08028b1e836dfe3aaeba1

COCOAPODS: 1.9.2
