PODS:
  - Masonry (1.1.0)
  - SDWebImage (4.4.2):
    - SDWebImage/Core (= 4.4.2)
  - SDWebImage/Core (4.4.2)
  - SKPhotoPicker (0.0.2):
    - Masonry
    - SDWebImage (~> 4.0)

DEPENDENCIES:
  - SKPhotoPicker

SPEC CHECKSUMS:
  Masonry: 678fab65091a9290e40e2832a55e7ab731aad201
  SDWebImage: 624d6e296c69b244bcede364c72ae0430ac14681
  SKPhotoPicker: 87b5ad2d4d15a85fd2a141c5f49948c3c9020398

PODFILE CHECKSUM: 62d6f1aa276ad43406878efe549c1084ece5a8fb

COCOAPODS: 1.3.1
